Microsoft Visual Studio Solution File, Format Version 12.00
# Visual Studio Version 17
VisualStudioVersion = 17.5.2.0
MinimumVisualStudioVersion = 10.0.40219.1
Project("{FAE04EC0-301F-11D3-BF4B-00C04F79EFBC}") = "stream-response-ef-core", "stream-response-ef-core.csproj", "{B1A6A4B6-8290-5126-0C83-5B1BB5EFE59C}"
EndProject
Global
	GlobalSection(SolutionConfigurationPlatforms) = preSolution
		Debug|Any CPU = Debug|Any CPU
		Release|Any CPU = Release|Any CPU
	EndGlobalSection
	GlobalSection(ProjectConfigurationPlatforms) = postSolution
		{B1A6A4B6-8290-5126-0C83-5B1BB5EFE59C}.Debug|Any CPU.ActiveCfg = Debug|Any CPU
		{B1A6A4B6-8290-5126-0C83-5B1BB5EFE59C}.Debug|Any CPU.Build.0 = Debug|Any CPU
		{B1A6A4B6-8290-5126-0C83-5B1BB5EFE59C}.Release|Any CPU.ActiveCfg = Release|Any CPU
		{B1A6A4B6-8290-5126-0C83-5B1BB5EFE59C}.Release|Any CPU.Build.0 = Release|Any CPU
	EndGlobalSection
	GlobalSection(SolutionProperties) = preSolution
		HideSolutionNode = FALSE
	EndGlobalSection
	GlobalSection(ExtensibilityGlobals) = postSolution
		SolutionGuid = {251AE9F9-3640-45DF-BD77-D942F57D79EB}
	EndGlobalSection
EndGlobal
